<?xml version="1.0" encoding="utf-8"?>
<Project ToolsVersion="4.0" xmlns="http://schemas.microsoft.com/developer/msbuild/2003">
  <ItemGroup>
    <Filter Include="Quelldateien">
      <UniqueIdentifier>{4FC737F1-C7A5-4376-A066-2A32D752A2FF}</UniqueIdentifier>
      <Extensions>cpp;c;cc;cxx;def;odl;idl;hpj;bat;asm;asmx</Extensions>
    </Filter>
    <Filter Include="Headerdateien">
      <UniqueIdentifier>{93995380-89BD-4b04-88EB-625FBE52EBFB}</UniqueIdentifier>
      <Extensions>h;hpp;hxx;hm;inl;inc;xsd</Extensions>
    </Filter>
    <Filter Include="Ressourcendateien">
      <UniqueIdentifier>{67DA6AB6-F800-4c08-8B7A-83BB121AAD01}</UniqueIdentifier>
      <Extensions>rc;ico;cur;bmp;dlg;rc2;rct;bin;rgs;gif;jpg;jpeg;jpe;resx;tiff;tif;png;wav;mfcribbon-ms</Extensions>
    </Filter>
    <Filter Include="Quelldateien\Loader">
      <UniqueIdentifier>{e8b87516-bbef-46ac-aa96-8bf345a26de8}</UniqueIdentifier>
    </Filter>
    <Filter Include="Headerdateien\Loader">
      <UniqueIdentifier>{2714464d-a1f5-4b1b-ab5c-19e9ddbe5b55}</UniqueIdentifier>
    </Filter>
    <Filter Include="Quelldateien\App">
      <UniqueIdentifier>{f72c051b-1a80-46e7-b294-c88a4b01099e}</UniqueIdentifier>
    </Filter>
    <Filter Include="Headerdateien\App">
      <UniqueIdentifier>{54a41123-a5b4-48c0-ba0b-e7f5ca6f7674}</UniqueIdentifier>
    </Filter>
    <Filter Include="Quelldateien\Drawable">
      <UniqueIdentifier>{f8a88ace-c3f7-4525-83c2-fc468a79fdce}</UniqueIdentifier>
    </Filter>
    <Filter Include="Headerdateien\Drawable">
      <UniqueIdentifier>{06c6b03a-5bcc-4579-a047-55bffaf67cbf}</UniqueIdentifier>
    </Filter>
    <Filter Include="Headerdateien\Drawable\DefferedLights">
      <UniqueIdentifier>{6db1fed9-a452-4775-b412-f1db5ac4cbbc}</UniqueIdentifier>
    </Filter>
    <Filter Include="Quelldateien\Drawable\DefferedLights">
      <UniqueIdentifier>{89985838-22d5-4545-94e8-963ddb77ca1e}</UniqueIdentifier>
    </Filter>
    <Filter Include="Quelldateien\View">
      <UniqueIdentifier>{361018ac-4025-4e39-8d00-c0b582a68b39}</UniqueIdentifier>
    </Filter>
    <Filter Include="Headerdateien\View">
      <UniqueIdentifier>{66ddd042-3a7a-4f09-a930-07bc4c07e4db}</UniqueIdentifier>
    </Filter>
  </ItemGroup>
  <ItemGroup>
    <ClInclude Include="GenFunc.h">
      <Filter>Headerdateien</Filter>
    </ClInclude>
    <ClInclude Include="Base.h">
      <Filter>Headerdateien</Filter>
    </ClInclude>
    <ClInclude Include="GameBase.h">
      <Filter>Headerdateien</Filter>
    </ClInclude>
    <ClInclude Include="DDSLoader.h">
      <Filter>Headerdateien\Loader</Filter>
    </ClInclude>
    <ClInclude Include="MeshData.h">
      <Filter>Headerdateien\Loader</Filter>
    </ClInclude>
    <ClInclude Include="ObjLoader.h">
      <Filter>Headerdateien\Loader</Filter>
    </ClInclude>
    <ClInclude Include="ShaderData.h">
      <Filter>Headerdateien\Loader</Filter>
    </ClInclude>
    <ClInclude Include="TextureData.h">
      <Filter>Headerdateien\Loader</Filter>
    </ClInclude>
    <ClInclude Include="CApp.h">
      <Filter>Headerdateien\App</Filter>
    </ClInclude>
    <ClInclude Include="Model.h">
      <Filter>Headerdateien\Drawable</Filter>
    </ClInclude>
    <ClInclude Include="ParticleSystem.h">
      <Filter>Headerdateien\Drawable</Filter>
    </ClInclude>
    <ClInclude Include="PhysicsModel.h">
      <Filter>Headerdateien\Drawable</Filter>
    </ClInclude>
    <ClInclude Include="ViewPort.h">
      <Filter>Headerdateien\View</Filter>
    </ClInclude>
    <ClInclude Include="ListContainer.h">
      <Filter>Headerdateien</Filter>
    </ClInclude>
    <ClInclude Include="Player.h">
      <Filter>Headerdateien</Filter>
    </ClInclude>
    <ClInclude Include="XmlParser.h">
      <Filter>Headerdateien</Filter>
    </ClInclude>
    <ClInclude Include="MaterialData.h">
      <Filter>Headerdateien</Filter>
    </ClInclude>
    <ClInclude Include="BulletManager.h">
      <Filter>Headerdateien</Filter>
    </ClInclude>
    <ClInclude Include="FrameBufferData.h">
      <Filter>Headerdateien</Filter>
    </ClInclude>
    <ClInclude Include="Filter2D.h">
      <Filter>Headerdateien</Filter>
    </ClInclude>
    <ClInclude Include="Sun.h">
      <Filter>Headerdateien</Filter>
    </ClInclude>
    <ClInclude Include="ViewPortIso.h">
      <Filter>Headerdateien\View</Filter>
    </ClInclude>
    <ClInclude Include="Scene.h">
      <Filter>Headerdateien</Filter>
    </ClInclude>
    <ClInclude Include="CubeMap.h">
      <Filter>Headerdateien</Filter>
    </ClInclude>
  </ItemGroup>
  <ItemGroup>
    <ClCompile Include="GenFunc.cpp">
      <Filter>Quelldateien</Filter>
    </ClCompile>
    <ClCompile Include="Base.cpp">
      <Filter>Quelldateien</Filter>
    </ClCompile>
    <ClCompile Include="GameBase.cpp">
      <Filter>Quelldateien</Filter>
    </ClCompile>
    <ClCompile Include="DDSLoader.cpp">
      <Filter>Quelldateien\Loader</Filter>
    </ClCompile>
    <ClCompile Include="MeshData.cpp">
      <Filter>Quelldateien\Loader</Filter>
    </ClCompile>
    <ClCompile Include="ObjLoader.cpp">
      <Filter>Quelldateien\Loader</Filter>
    </ClCompile>
    <ClCompile Include="ShaderData.cpp">
      <Filter>Quelldateien\Loader</Filter>
    </ClCompile>
    <ClCompile Include="TextureData.cpp">
      <Filter>Quelldateien\Loader</Filter>
    </ClCompile>
    <ClCompile Include="CApp.cpp">
      <Filter>Quelldateien\App</Filter>
    </ClCompile>
    <ClCompile Include="CApp_OnCleanup.cpp">
      <Filter>Quelldateien\App</Filter>
    </ClCompile>
    <ClCompile Include="CApp_OnEvent.cpp">
      <Filter>Quelldateien\App</Filter>
    </ClCompile>
    <ClCompile Include="CApp_OnInit.cpp">
      <Filter>Quelldateien\App</Filter>
    </ClCompile>
    <ClCompile Include="PhysicsModel.cpp">
      <Filter>Quelldateien\Drawable</Filter>
    </ClCompile>
    <ClCompile Include="ParticleSystem.cpp">
      <Filter>Quelldateien\Drawable</Filter>
    </ClCompile>
    <ClCompile Include="Model.cpp">
      <Filter>Quelldateien\Drawable</Filter>
    </ClCompile>
    <ClCompile Include="ViewPort.cpp">
      <Filter>Quelldateien\View</Filter>
    </ClCompile>
    <ClCompile Include="CApp_OnUpdate.cpp">
      <Filter>Quelldateien\App</Filter>
    </ClCompile>
    <ClCompile Include="CApp_OnDraw.cpp">
      <Filter>Quelldateien\App</Filter>
    </ClCompile>
    <ClCompile Include="Player.cpp">
      <Filter>Quelldateien</Filter>
    </ClCompile>
    <ClCompile Include="XmlParser.cpp">
      <Filter>Quelldateien</Filter>
    </ClCompile>
    <ClCompile Include="MaterialData.cpp">
      <Filter>Quelldateien</Filter>
    </ClCompile>
    <ClCompile Include="BulletManager.cpp">
      <Filter>Quelldateien</Filter>
    </ClCompile>
    <ClCompile Include="FrameBufferData.cpp">
      <Filter>Quelldateien</Filter>
    </ClCompile>
    <ClCompile Include="Filter2D.cpp">
      <Filter>Quelldateien</Filter>
    </ClCompile>
    <ClCompile Include="Sun.cpp">
      <Filter>Quelldateien</Filter>
    </ClCompile>
    <ClCompile Include="ViewPortIso.cpp">
      <Filter>Quelldateien\View</Filter>
    </ClCompile>
    <ClCompile Include="Scene.cpp">
      <Filter>Quelldateien</Filter>
    </ClCompile>
    <ClCompile Include="CubeMap.cpp">
      <Filter>Quelldateien</Filter>
    </ClCompile>
  </ItemGroup>
</Project>